{
    "_readme": [
        "This file locks the dependencies of your project to a known state",
        "Read more about it at http://getcomposer.org/doc/01-basic-usage.md#composer-lock-the-lock-file"
    ],
    "hash": "4645a4db738242ef0c967106c2d95ddb",
    "packages": [
        {
            "name": "fxrm/action",
            "version": "dev-master",
            "source": {
                "type": "git",
                "url": "https://github.com/unframework/fxrm-action.git",
                "reference": "3ca8c10880f2dbd076e6cb4a292309ff8aa022e8"
            },
            "dist": {
                "type": "zip",
                "url": "https://api.github.com/repos/unframework/fxrm-action/zipball/3ca8c10880f2dbd076e6cb4a292309ff8aa022e8",
                "reference": "3ca8c10880f2dbd076e6cb4a292309ff8aa022e8",
                "shasum": ""
            },
            "type": "library",
            "autoload": {
                "psr-0": {
                    "Fxrm": "src/"
                }
            },
            "authors": [
                {
                    "name": "Nick Matantsev",
                    "email": "unframework@github.com"
                }
            ],
            "description": "Framework-agnostic form renderer and handler",
            "support": {
                "source": "https://github.com/unframework/fxrm-action/tree/master",
                "issues": "https://github.com/unframework/fxrm-action/issues"
            },
            "time": "2013-07-07 06:15:28"
        },
        {
            "name": "fxrm/store",
            "version": "dev-master",
            "source": {
                "type": "git",
                "url": "https://github.com/unframework/fxrm-store.git",
                "reference": "6e6f9632039f9d9f1a88d87891140a320dca9fa8"
            },
            "dist": {
                "type": "zip",
                "url": "https://api.github.com/repos/unframework/fxrm-store/zipball/6e6f9632039f9d9f1a88d87891140a320dca9fa8",
                "reference": "6e6f9632039f9d9f1a88d87891140a320dca9fa8",
                "shasum": ""
            },
            "type": "library",
            "autoload": {
                "psr-0": {
                    "Fxrm": "src/"
                }
            },
            "authors": [
                {
                    "name": "Nick Matantsev",
                    "email": "unframework@github.com"
                }
            ],
            "description": "Framework-agnostic storage implementation",
            "support": {
                "source": "https://github.com/unframework/fxrm-store/tree/master",
                "issues": "https://github.com/unframework/fxrm-store/issues"
            },
            "time": "2013-06-28 17:31:20"
        }
    ],
    "packages-dev": [

    ],
    "aliases": [

    ],
    "minimum-stability": "stable",
    "stability-flags": {
        "fxrm/action": 20,
        "fxrm/store": 20
    },
    "platform": [

    ],
    "platform-dev": [

    ]
}
