{
    "_readme": [
        "This file locks the dependencies of your project to a known state",
        "Read more about it at http://getcomposer.org/doc/01-basic-usage.md#composer-lock-the-lock-file"
    ],
    "hash": "4645a4db738242ef0c967106c2d95ddb",
    "packages": [
        {
            "name": "fxrm/action",
            "version": "dev-master",
            "source": {
                "type": "git",
                "url": "https://github.com/unframework/fxrm-action.git",
                "reference": "6e9c033e9492c4538f8f4dd697bc5c09f7316656"
            },
            "dist": {
                "type": "zip",
                "url": "https://api.github.com/repos/unframework/fxrm-action/zipball/6e9c033e9492c4538f8f4dd697bc5c09f7316656",
                "reference": "6e9c033e9492c4538f8f4dd697bc5c09f7316656",
                "shasum": ""
            },
            "type": "library",
            "autoload": {
                "psr-0": {
                    "Fxrm": "src/"
                }
            },
            "authors": [
                {
                    "name": "Nick Matantsev",
                    "email": "unframework@github.com"
                }
            ],
            "description": "Framework-agnostic form renderer and handler",
            "support": {
                "source": "https://github.com/unframework/fxrm-action/tree/master",
                "issues": "https://github.com/unframework/fxrm-action/issues"
            },
            "time": "2013-07-09 12:30:44"
        },
        {
            "name": "fxrm/store",
            "version": "dev-master",
            "source": {
                "type": "git",
                "url": "https://github.com/unframework/fxrm-store.git",
                "reference": "1e712a651d90bd836a5a6adff364bd6e9222e91b"
            },
            "dist": {
                "type": "zip",
                "url": "https://api.github.com/repos/unframework/fxrm-store/zipball/1e712a651d90bd836a5a6adff364bd6e9222e91b",
                "reference": "1e712a651d90bd836a5a6adff364bd6e9222e91b",
                "shasum": ""
            },
            "type": "library",
            "autoload": {
                "psr-0": {
                    "Fxrm": "src/"
                }
            },
            "authors": [
                {
                    "name": "Nick Matantsev",
                    "email": "unframework@github.com"
                }
            ],
            "description": "Framework-agnostic storage implementation",
            "support": {
                "source": "https://github.com/unframework/fxrm-store/tree/master",
                "issues": "https://github.com/unframework/fxrm-store/issues"
            },
            "time": "2013-07-07 16:16:18"
        }
    ],
    "packages-dev": [

    ],
    "aliases": [

    ],
    "minimum-stability": "stable",
    "stability-flags": {
        "fxrm/action": 20,
        "fxrm/store": 20
    },
    "platform": [

    ],
    "platform-dev": [

    ]
}
